
Microsoft Visual Studio Solution File, Format Version 12.00
# Visual Studio Version 16
VisualStudioVersion = 16.0.29418.71
MinimumVisualStudioVersion = 10.0.40219.1
Project("{FAE04EC0-301F-11D3-BF4B-00C04F79EFBC}") = "zadania kolos", "zadania kolos\zadania kolos.csproj", "{D1044E75-1306-42E8-8124-E2E2454476D3}"
EndProject
Global
	GlobalSection(SolutionConfigurationPlatforms) = preSolution
		Debug|Any CPU = Debug|Any CPU
		Release|Any CPU = Release|Any CPU
	EndGlobalSection
	GlobalSection(ProjectConfigurationPlatforms) = postSolution
		{D1044E75-1306-42E8-8124-E2E2454476D3}.Debug|Any CPU.ActiveCfg = Debug|Any CPU
		{D1044E75-1306-42E8-8124-E2E2454476D3}.Debug|Any CPU.Build.0 = Debug|Any CPU
		{D1044E75-1306-42E8-8124-E2E2454476D3}.Release|Any CPU.ActiveCfg = Release|Any CPU
		{D1044E75-1306-42E8-8124-E2E2454476D3}.Release|Any CPU.Build.0 = Release|Any CPU
	EndGlobalSection
	GlobalSection(SolutionProperties) = preSolution
		HideSolutionNode = FALSE
	EndGlobalSection
	GlobalSection(ExtensibilityGlobals) = postSolution
		SolutionGuid = {D78A30FD-B3AE-43A8-A47E-2B3448E608F6}
	EndGlobalSection
EndGlobal
