
Microsoft Visual Studio Solution File, Format Version 12.00
# Visual Studio Version 16
VisualStudioVersion = 16.0.29418.71
MinimumVisualStudioVersion = 10.0.40219.1
Project("{FAE04EC0-301F-11D3-BF4B-00C04F79EFBC}") = "zadania kolos 2", "zadania kolos 2\zadania kolos 2.csproj", "{7C796598-D34F-4186-98E6-EEF92D7C9E25}"
EndProject
Global
	GlobalSection(SolutionConfigurationPlatforms) = preSolution
		Debug|Any CPU = Debug|Any CPU
		Release|Any CPU = Release|Any CPU
	EndGlobalSection
	GlobalSection(ProjectConfigurationPlatforms) = postSolution
		{7C796598-D34F-4186-98E6-EEF92D7C9E25}.Debug|Any CPU.ActiveCfg = Debug|Any CPU
		{7C796598-D34F-4186-98E6-EEF92D7C9E25}.Debug|Any CPU.Build.0 = Debug|Any CPU
		{7C796598-D34F-4186-98E6-EEF92D7C9E25}.Release|Any CPU.ActiveCfg = Release|Any CPU
		{7C796598-D34F-4186-98E6-EEF92D7C9E25}.Release|Any CPU.Build.0 = Release|Any CPU
	EndGlobalSection
	GlobalSection(SolutionProperties) = preSolution
		HideSolutionNode = FALSE
	EndGlobalSection
	GlobalSection(ExtensibilityGlobals) = postSolution
		SolutionGuid = {21182ED6-E5A6-42CF-A967-EC86788C7C80}
	EndGlobalSection
EndGlobal
